
Microsoft Visual Studio Solution File, Format Version 12.00
# Visual Studio 15
VisualStudioVersion = 15.0.28307.168
MinimumVisualStudioVersion = 10.0.40219.1
Project("{FAE04EC0-301F-11D3-BF4B-00C04F79EFBC}") = "SimpleImageEditor", "SimpleImageEditor\SimpleImageEditor.csproj", "{21FBA89F-E31E-4871-8748-5014B92913CA}"
EndProject
Global
	GlobalSection(SolutionConfigurationPlatforms) = preSolution
		Debug|Any CPU = Debug|Any CPU
		Release|Any CPU = Release|Any CPU
	EndGlobalSection
	GlobalSection(ProjectConfigurationPlatforms) = postSolution
		{21FBA89F-E31E-4871-8748-5014B92913CA}.Debug|Any CPU.ActiveCfg = Debug|Any CPU
		{21FBA89F-E31E-4871-8748-5014B92913CA}.Debug|Any CPU.Build.0 = Debug|Any CPU
		{21FBA89F-E31E-4871-8748-5014B92913CA}.Release|Any CPU.ActiveCfg = Release|Any CPU
		{21FBA89F-E31E-4871-8748-5014B92913CA}.Release|Any CPU.Build.0 = Release|Any CPU
	EndGlobalSection
	GlobalSection(SolutionProperties) = preSolution
		HideSolutionNode = FALSE
	EndGlobalSection
	GlobalSection(ExtensibilityGlobals) = postSolution
		SolutionGuid = {B37551DA-EC7D-4862-8E0C-2F2EB8F0ADD8}
	EndGlobalSection
EndGlobal
